{
  "requires": true,
  "lockfileVersion": 1,
  "dependencies": {
    "dialog-polyfill": {
      "version": "0.4.10",
      "resolved": "https://registry.npmjs.org/dialog-polyfill/-/dialog-polyfill-0.4.10.tgz",
      "integrity": "sha512-j5yGMkP8T00UFgyO+78OxiN5vC5dzRQF3BEio+LhNvDbyfxWBsi3sfPArDm54VloaJwy2hm3erEiDWqHRC8rzw=="
    },
    "firebaseui": {
      "version": "3.4.1",
      "resolved": "https://registry.npmjs.org/firebaseui/-/firebaseui-3.4.1.tgz",
      "integrity": "sha512-DKXSFKC2ryCjpbifpLXC/erXPR8v7aCyWMicRXO0m7GNj+cpQgw7L3XOwzgpyoLKOL1DhsJ0Qniwi5qvvRSbjQ==",
      "requires": {
        "dialog-polyfill": "^0.4.7"
      }
    }
  }
}
